
Microsoft Visual Studio Solution File, Format Version 12.00
# Visual Studio 15
VisualStudioVersion = 15.0.28307.572
MinimumVisualStudioVersion = 10.0.40219.1
Project("{FAE04EC0-301F-11D3-BF4B-00C04F79EFBC}") = "HomeAutomationSystem", "HomeAutomationSystem\HomeAutomationSystem.csproj", "{580F0F26-F3E2-4FD2-A2EE-883B6748B54D}"
EndProject
Global
	GlobalSection(SolutionConfigurationPlatforms) = preSolution
		Debug|Any CPU = Debug|Any CPU
		Release|Any CPU = Release|Any CPU
	EndGlobalSection
	GlobalSection(ProjectConfigurationPlatforms) = postSolution
		{580F0F26-F3E2-4FD2-A2EE-883B6748B54D}.Debug|Any CPU.ActiveCfg = Debug|Any CPU
		{580F0F26-F3E2-4FD2-A2EE-883B6748B54D}.Debug|Any CPU.Build.0 = Debug|Any CPU
		{580F0F26-F3E2-4FD2-A2EE-883B6748B54D}.Release|Any CPU.ActiveCfg = Release|Any CPU
		{580F0F26-F3E2-4FD2-A2EE-883B6748B54D}.Release|Any CPU.Build.0 = Release|Any CPU
	EndGlobalSection
	GlobalSection(SolutionProperties) = preSolution
		HideSolutionNode = FALSE
	EndGlobalSection
	GlobalSection(ExtensibilityGlobals) = postSolution
		SolutionGuid = {C4E01010-0DAD-4F8C-A150-5477A8B03B71}
	EndGlobalSection
EndGlobal
